// !$*UTF8*$!
{
	archiveVersion = 1;
	classes = {
	};
	objectVersion = 56;
	objects = {

/* Begin PBXBuildFile section */
		A10000010000000000000001 /* ArXivMonitorApp.swift in Sources */ = {isa = PBXBuildFile; fileRef = A20000010000000000000001; };
		A10000020000000000000002 /* AppState.swift in Sources */ = {isa = PBXBuildFile; fileRef = A20000020000000000000002; };
		A10000030000000000000003 /* SavedSearch.swift in Sources */ = {isa = PBXBuildFile; fileRef = A20000030000000000000003; };
		A10000040000000000000004 /* MatchedPaper.swift in Sources */ = {isa = PBXBuildFile; fileRef = A20000040000000000000004; };
		A10000050000000000000005 /* ArXivAPIClient.swift in Sources */ = {isa = PBXBuildFile; fileRef = A20000050000000000000005; };
		A10000060000000000000006 /* XMLAtomParser.swift in Sources */ = {isa = PBXBuildFile; fileRef = A20000060000000000000006; };
		A10000070000000000000007 /* NotificationService.swift in Sources */ = {isa = PBXBuildFile; fileRef = A20000070000000000000007; };
		A10000080000000000000008 /* PollScheduler.swift in Sources */ = {isa = PBXBuildFile; fileRef = A20000080000000000000008; };
		A10000090000000000000009 /* MenuBarPopover.swift in Sources */ = {isa = PBXBuildFile; fileRef = A20000090000000000000009; };
		A1000010000000000000000A /* PaperRowView.swift in Sources */ = {isa = PBXBuildFile; fileRef = A2000010000000000000000A; };
		A1000011000000000000000B /* MainWindowView.swift in Sources */ = {isa = PBXBuildFile; fileRef = A2000011000000000000000B; };
		A1000012000000000000000C /* SearchListView.swift in Sources */ = {isa = PBXBuildFile; fileRef = A2000012000000000000000C; };
		A1000013000000000000000D /* PaperListView.swift in Sources */ = {isa = PBXBuildFile; fileRef = A2000013000000000000000D; };
		A1000014000000000000000E /* AddSearchSheet.swift in Sources */ = {isa = PBXBuildFile; fileRef = A2000014000000000000000E; };
		A1000015000000000000000F /* SettingsView.swift in Sources */ = {isa = PBXBuildFile; fileRef = A2000015000000000000000F; };
		A10000160000000000000010 /* ArXivMonitorTests.swift in Sources */ = {isa = PBXBuildFile; fileRef = A20000160000000000000010; };
		B10000010000000000000001 /* ArXivMonitorUITests.swift in Sources */ = {isa = PBXBuildFile; fileRef = B20000010000000000000001; };
		C10000010000000000000001 /* Assets.xcassets in Resources */ = {isa = PBXBuildFile; fileRef = C20000010000000000000001; };
/* End PBXBuildFile section */

/* Begin PBXContainerItemProxy section */
		A30000010000000000000001 /* PBXContainerItemProxy */ = {
			isa = PBXContainerItemProxy;
			containerPortal = A50000010000000000000001 /* Project object */;
			proxyType = 1;
			remoteGlobalIDString = A40000010000000000000001;
			remoteInfo = ArXivMonitor;
		};
		B30000010000000000000001 /* PBXContainerItemProxy */ = {
			isa = PBXContainerItemProxy;
			containerPortal = A50000010000000000000001 /* Project object */;
			proxyType = 1;
			remoteGlobalIDString = A40000010000000000000001;
			remoteInfo = ArXivMonitor;
		};
/* End PBXContainerItemProxy section */

/* Begin PBXFileReference section */
		A20000010000000000000001 /* ArXivMonitorApp.swift */ = {isa = PBXFileReference; lastKnownFileType = sourcecode.swift; path = ArXivMonitorApp.swift; sourceTree = "<group>"; };
		A20000020000000000000002 /* AppState.swift */ = {isa = PBXFileReference; lastKnownFileType = sourcecode.swift; path = AppState.swift; sourceTree = "<group>"; };
		A20000030000000000000003 /* SavedSearch.swift */ = {isa = PBXFileReference; lastKnownFileType = sourcecode.swift; path = SavedSearch.swift; sourceTree = "<group>"; };
		A20000040000000000000004 /* MatchedPaper.swift */ = {isa = PBXFileReference; lastKnownFileType = sourcecode.swift; path = MatchedPaper.swift; sourceTree = "<group>"; };
		A20000050000000000000005 /* ArXivAPIClient.swift */ = {isa = PBXFileReference; lastKnownFileType = sourcecode.swift; path = ArXivAPIClient.swift; sourceTree = "<group>"; };
		A20000060000000000000006 /* XMLAtomParser.swift */ = {isa = PBXFileReference; lastKnownFileType = sourcecode.swift; path = XMLAtomParser.swift; sourceTree = "<group>"; };
		A20000070000000000000007 /* NotificationService.swift */ = {isa = PBXFileReference; lastKnownFileType = sourcecode.swift; path = NotificationService.swift; sourceTree = "<group>"; };
		A20000080000000000000008 /* PollScheduler.swift */ = {isa = PBXFileReference; lastKnownFileType = sourcecode.swift; path = PollScheduler.swift; sourceTree = "<group>"; };
		A20000090000000000000009 /* MenuBarPopover.swift */ = {isa = PBXFileReference; lastKnownFileType = sourcecode.swift; path = MenuBarPopover.swift; sourceTree = "<group>"; };
		A2000010000000000000000A /* PaperRowView.swift */ = {isa = PBXFileReference; lastKnownFileType = sourcecode.swift; path = PaperRowView.swift; sourceTree = "<group>"; };
		A2000011000000000000000B /* MainWindowView.swift */ = {isa = PBXFileReference; lastKnownFileType = sourcecode.swift; path = MainWindowView.swift; sourceTree = "<group>"; };
		A2000012000000000000000C /* SearchListView.swift */ = {isa = PBXFileReference; lastKnownFileType = sourcecode.swift; path = SearchListView.swift; sourceTree = "<group>"; };
		A2000013000000000000000D /* PaperListView.swift */ = {isa = PBXFileReference; lastKnownFileType = sourcecode.swift; path = PaperListView.swift; sourceTree = "<group>"; };
		A2000014000000000000000E /* AddSearchSheet.swift */ = {isa = PBXFileReference; lastKnownFileType = sourcecode.swift; path = AddSearchSheet.swift; sourceTree = "<group>"; };
		A2000015000000000000000F /* SettingsView.swift */ = {isa = PBXFileReference; lastKnownFileType = sourcecode.swift; path = SettingsView.swift; sourceTree = "<group>"; };
		A20000160000000000000010 /* ArXivMonitorTests.swift */ = {isa = PBXFileReference; lastKnownFileType = sourcecode.swift; path = ArXivMonitorTests.swift; sourceTree = "<group>"; };
		A20000170000000000000011 /* Info.plist */ = {isa = PBXFileReference; lastKnownFileType = text.plist.xml; path = Info.plist; sourceTree = "<group>"; };
		A20000180000000000000012 /* ArXivMonitor.entitlements */ = {isa = PBXFileReference; lastKnownFileType = text.plist.entitlements; path = ArXivMonitor.entitlements; sourceTree = "<group>"; };
		A20000190000000000000013 /* ArXivMonitor.app */ = {isa = PBXFileReference; explicitFileType = wrapper.application; includeInIndex = 0; path = "ArXivMonitor.app"; sourceTree = BUILT_PRODUCTS_DIR; };
		A2000020000000000000001A /* ArXivMonitorTests.xctest */ = {isa = PBXFileReference; explicitFileType = wrapper.cfbundle; includeInIndex = 0; path = ArXivMonitorTests.xctest; sourceTree = BUILT_PRODUCTS_DIR; };
		B20000010000000000000001 /* ArXivMonitorUITests.swift */ = {isa = PBXFileReference; lastKnownFileType = sourcecode.swift; path = ArXivMonitorUITests.swift; sourceTree = "<group>"; };
		B20000020000000000000002 /* ArXivMonitorUITests.xctest */ = {isa = PBXFileReference; explicitFileType = wrapper.cfbundle; includeInIndex = 0; path = ArXivMonitorUITests.xctest; sourceTree = BUILT_PRODUCTS_DIR; };
		C20000010000000000000001 /* Assets.xcassets */ = {isa = PBXFileReference; lastKnownFileType = folder.assetcatalog; path = Assets.xcassets; sourceTree = "<group>"; };
/* End PBXFileReference section */

/* Begin PBXFrameworksBuildPhase section */
		A60000010000000000000001 /* Frameworks */ = {
			isa = PBXFrameworksBuildPhase;
			buildActionMask = 2147483647;
			files = (
			);
			runOnlyForDeploymentPostprocessing = 0;
		};
		A60000020000000000000002 /* Frameworks */ = {
			isa = PBXFrameworksBuildPhase;
			buildActionMask = 2147483647;
			files = (
			);
			runOnlyForDeploymentPostprocessing = 0;
		};
		B60000010000000000000001 /* Frameworks */ = {
			isa = PBXFrameworksBuildPhase;
			buildActionMask = 2147483647;
			files = (
			);
			runOnlyForDeploymentPostprocessing = 0;
		};
/* End PBXFrameworksBuildPhase section */

/* Begin PBXGroup section */
		A70000010000000000000001 = {
			isa = PBXGroup;
			children = (
				A70000020000000000000002 /* ArXivMonitor */,
				A70000060000000000000006 /* ArXivMonitorTests */,
				B70000010000000000000001 /* ArXivMonitorUITests */,
				A70000070000000000000007 /* Products */,
			);
			sourceTree = "<group>";
		};
		A70000020000000000000002 /* ArXivMonitor */ = {
			isa = PBXGroup;
			children = (
				A20000010000000000000001 /* ArXivMonitorApp.swift */,
				A20000020000000000000002 /* AppState.swift */,
				A20000170000000000000011 /* Info.plist */,
				A20000180000000000000012 /* ArXivMonitor.entitlements */,
				C20000010000000000000001 /* Assets.xcassets */,
				A70000030000000000000003 /* Models */,
				A70000040000000000000004 /* Services */,
				A70000050000000000000005 /* Views */,
			);
			path = ArXivMonitor;
			sourceTree = "<group>";
		};
		A70000030000000000000003 /* Models */ = {
			isa = PBXGroup;
			children = (
				A20000030000000000000003 /* SavedSearch.swift */,
				A20000040000000000000004 /* MatchedPaper.swift */,
			);
			path = Models;
			sourceTree = "<group>";
		};
		A70000040000000000000004 /* Services */ = {
			isa = PBXGroup;
			children = (
				A20000050000000000000005 /* ArXivAPIClient.swift */,
				A20000060000000000000006 /* XMLAtomParser.swift */,
				A20000070000000000000007 /* NotificationService.swift */,
				A20000080000000000000008 /* PollScheduler.swift */,
			);
			path = Services;
			sourceTree = "<group>";
		};
		A70000050000000000000005 /* Views */ = {
			isa = PBXGroup;
			children = (
				A20000090000000000000009 /* MenuBarPopover.swift */,
				A2000010000000000000000A /* PaperRowView.swift */,
				A2000011000000000000000B /* MainWindowView.swift */,
				A2000012000000000000000C /* SearchListView.swift */,
				A2000013000000000000000D /* PaperListView.swift */,
				A2000014000000000000000E /* AddSearchSheet.swift */,
				A2000015000000000000000F /* SettingsView.swift */,
			);
			path = Views;
			sourceTree = "<group>";
		};
		A70000060000000000000006 /* ArXivMonitorTests */ = {
			isa = PBXGroup;
			children = (
				A20000160000000000000010 /* ArXivMonitorTests.swift */,
			);
			path = ArXivMonitorTests;
			sourceTree = "<group>";
		};
		B70000010000000000000001 /* ArXivMonitorUITests */ = {
			isa = PBXGroup;
			children = (
				B20000010000000000000001 /* ArXivMonitorUITests.swift */,
			);
			path = ArXivMonitorUITests;
			sourceTree = "<group>";
		};
		A70000070000000000000007 /* Products */ = {
			isa = PBXGroup;
			children = (
				A20000190000000000000013 /* ArXivMonitor.app */,
				A2000020000000000000001A /* ArXivMonitorTests.xctest */,
				B20000020000000000000002 /* ArXivMonitorUITests.xctest */,
			);
			name = Products;
			sourceTree = "<group>";
		};
/* End PBXGroup section */

/* Begin PBXNativeTarget section */
		A40000010000000000000001 /* ArXivMonitor */ = {
			isa = PBXNativeTarget;
			buildConfigurationList = A80000030000000000000003 /* Build configuration list for PBXNativeTarget "ArXivMonitor" */;
			buildPhases = (
				A90000010000000000000001 /* Sources */,
				A60000010000000000000001 /* Frameworks */,
				C30000010000000000000001 /* Resources */,
			);
			buildRules = (
			);
			dependencies = (
			);
			name = ArXivMonitor;
			productName = ArXivMonitor;
			productReference = A20000190000000000000013 /* ArXivMonitor.app */;
			productType = "com.apple.product-type.application";
		};
		A40000020000000000000002 /* ArXivMonitorTests */ = {
			isa = PBXNativeTarget;
			buildConfigurationList = A80000060000000000000006 /* Build configuration list for PBXNativeTarget "ArXivMonitorTests" */;
			buildPhases = (
				A90000020000000000000002 /* Sources */,
				A60000020000000000000002 /* Frameworks */,
			);
			buildRules = (
			);
			dependencies = (
				AA0000010000000000000001 /* PBXTargetDependency */,
			);
			name = ArXivMonitorTests;
			productName = ArXivMonitorTests;
			productReference = A2000020000000000000001A /* ArXivMonitorTests.xctest */;
			productType = "com.apple.product-type.bundle.unit-test";
		};
		B40000010000000000000001 /* ArXivMonitorUITests */ = {
			isa = PBXNativeTarget;
			buildConfigurationList = B80000010000000000000001 /* Build configuration list for PBXNativeTarget "ArXivMonitorUITests" */;
			buildPhases = (
				B90000010000000000000001 /* Sources */,
				B60000010000000000000001 /* Frameworks */,
			);
			buildRules = (
			);
			dependencies = (
				BA0000010000000000000001 /* PBXTargetDependency */,
			);
			name = ArXivMonitorUITests;
			productName = ArXivMonitorUITests;
			productReference = B20000020000000000000002 /* ArXivMonitorUITests.xctest */;
			productType = "com.apple.product-type.bundle.ui-testing";
		};
/* End PBXNativeTarget section */

/* Begin PBXProject section */
		A50000010000000000000001 /* Project object */ = {
			isa = PBXProject;
			attributes = {
				BuildIndependentTargetsInParallel = 1;
				LastSwiftUpdateCheck = 1540;
				LastUpgradeCheck = 1540;
			};
			buildConfigurationList = A80000010000000000000001 /* Build configuration list for PBXProject "ArXivMonitor" */;
			compatibilityVersion = "Xcode 14.0";
			developmentRegion = en;
			hasScannedForEncodings = 0;
			knownRegions = (
				en,
				Base,
			);
			mainGroup = A70000010000000000000001;
			productRefGroup = A70000070000000000000007 /* Products */;
			projectDirPath = "";
			projectRoot = "";
			targets = (
				A40000010000000000000001 /* ArXivMonitor */,
				A40000020000000000000002 /* ArXivMonitorTests */,
				B40000010000000000000001 /* ArXivMonitorUITests */,
			);
		};
/* End PBXProject section */

/* Begin PBXResourcesBuildPhase section */
		C30000010000000000000001 /* Resources */ = {
			isa = PBXResourcesBuildPhase;
			buildActionMask = 2147483647;
			files = (
				C10000010000000000000001 /* Assets.xcassets in Resources */,
			);
			runOnlyForDeploymentPostprocessing = 0;
		};
/* End PBXResourcesBuildPhase section */

/* Begin PBXSourcesBuildPhase section */
		A90000010000000000000001 /* Sources */ = {
			isa = PBXSourcesBuildPhase;
			buildActionMask = 2147483647;
			files = (
				A10000010000000000000001 /* ArXivMonitorApp.swift in Sources */,
				A10000020000000000000002 /* AppState.swift in Sources */,
				A10000030000000000000003 /* SavedSearch.swift in Sources */,
				A10000040000000000000004 /* MatchedPaper.swift in Sources */,
				A10000050000000000000005 /* ArXivAPIClient.swift in Sources */,
				A10000060000000000000006 /* XMLAtomParser.swift in Sources */,
				A10000070000000000000007 /* NotificationService.swift in Sources */,
				A10000080000000000000008 /* PollScheduler.swift in Sources */,
				A10000090000000000000009 /* MenuBarPopover.swift in Sources */,
				A1000010000000000000000A /* PaperRowView.swift in Sources */,
				A1000011000000000000000B /* MainWindowView.swift in Sources */,
				A1000012000000000000000C /* SearchListView.swift in Sources */,
				A1000013000000000000000D /* PaperListView.swift in Sources */,
				A1000014000000000000000E /* AddSearchSheet.swift in Sources */,
				A1000015000000000000000F /* SettingsView.swift in Sources */,
			);
			runOnlyForDeploymentPostprocessing = 0;
		};
		A90000020000000000000002 /* Sources */ = {
			isa = PBXSourcesBuildPhase;
			buildActionMask = 2147483647;
			files = (
				A10000160000000000000010 /* ArXivMonitorTests.swift in Sources */,
			);
			runOnlyForDeploymentPostprocessing = 0;
		};
		B90000010000000000000001 /* Sources */ = {
			isa = PBXSourcesBuildPhase;
			buildActionMask = 2147483647;
			files = (
				B10000010000000000000001 /* ArXivMonitorUITests.swift in Sources */,
			);
			runOnlyForDeploymentPostprocessing = 0;
		};
/* End PBXSourcesBuildPhase section */

/* Begin PBXTargetDependency section */
		AA0000010000000000000001 /* PBXTargetDependency */ = {
			isa = PBXTargetDependency;
			target = A40000010000000000000001 /* ArXivMonitor */;
			targetProxy = A30000010000000000000001 /* PBXContainerItemProxy */;
		};
		BA0000010000000000000001 /* PBXTargetDependency */ = {
			isa = PBXTargetDependency;
			target = A40000010000000000000001 /* ArXivMonitor */;
			targetProxy = B30000010000000000000001 /* PBXContainerItemProxy */;
		};
/* End PBXTargetDependency section */

/* Begin XCBuildConfiguration section */
		AB0000010000000000000001 /* Debug */ = {
			isa = XCBuildConfiguration;
			buildSettings = {
				ALWAYS_SEARCH_USER_PATHS = NO;
				ASSETCATALOG_COMPILER_GENERATE_SWIFT_ASSET_SYMBOL_EXTENSIONS = YES;
				CLANG_ANALYZER_NONNULL = YES;
				CLANG_CXX_LANGUAGE_STANDARD = "gnu++20";
				CLANG_ENABLE_MODULES = YES;
				CLANG_ENABLE_OBJC_ARC = YES;
				COPY_PHASE_STRIP = NO;
				DEBUG_INFORMATION_FORMAT = dwarf;
				ENABLE_STRICT_OBJC_MSGSEND = YES;
				ENABLE_TESTABILITY = YES;
				GCC_DYNAMIC_NO_PIC = NO;
				GCC_OPTIMIZATION_LEVEL = 0;
				GCC_PREPROCESSOR_DEFINITIONS = (
					"DEBUG=1",
					"$(inherited)",
				);
				GCC_WARN_ABOUT_RETURN_TYPE = YES_ERROR;
				GCC_WARN_UNINITIALIZED_AUTOS = YES_AGGRESSIVE;
				MACOSX_DEPLOYMENT_TARGET = 14.0;
				MTL_ENABLE_DEBUG_INFO = INCLUDE_SOURCE;
				ONLY_ACTIVE_ARCH = YES;
				SDKROOT = macosx;
				SWIFT_ACTIVE_COMPILATION_CONDITIONS = "DEBUG $(inherited)";
				SWIFT_OPTIMIZATION_LEVEL = "-Onone";
			};
			name = Debug;
		};
		AB0000020000000000000002 /* Release */ = {
			isa = XCBuildConfiguration;
			buildSettings = {
				ALWAYS_SEARCH_USER_PATHS = NO;
				ASSETCATALOG_COMPILER_GENERATE_SWIFT_ASSET_SYMBOL_EXTENSIONS = YES;
				CLANG_ANALYZER_NONNULL = YES;
				CLANG_CXX_LANGUAGE_STANDARD = "gnu++20";
				CLANG_ENABLE_MODULES = YES;
				CLANG_ENABLE_OBJC_ARC = YES;
				COPY_PHASE_STRIP = NO;
				DEBUG_INFORMATION_FORMAT = "dwarf-with-dsym";
				ENABLE_NS_ASSERTIONS = NO;
				ENABLE_STRICT_OBJC_MSGSEND = YES;
				GCC_WARN_ABOUT_RETURN_TYPE = YES_ERROR;
				GCC_WARN_UNINITIALIZED_AUTOS = YES_AGGRESSIVE;
				MACOSX_DEPLOYMENT_TARGET = 14.0;
				MTL_ENABLE_DEBUG_INFO = NO;
				SDKROOT = macosx;
				SWIFT_COMPILATION_MODE = wholemodule;
			};
			name = Release;
		};
		AB0000030000000000000003 /* Debug */ = {
			isa = XCBuildConfiguration;
			buildSettings = {
				ASSETCATALOG_COMPILER_APPICON_NAME = AppIcon;
				CODE_SIGN_ENTITLEMENTS = ArXivMonitor/ArXivMonitor.entitlements;
				CODE_SIGN_STYLE = Automatic;
				COMBINE_HIDPI_IMAGES = YES;
				CURRENT_PROJECT_VERSION = 1;
				GENERATE_INFOPLIST_FILE = NO;
				INFOPLIST_FILE = ArXivMonitor/Info.plist;
				LD_RUNPATH_SEARCH_PATHS = (
					"$(inherited)",
					"@executable_path/../Frameworks",
				);
				MARKETING_VERSION = 1.0;
				PRODUCT_BUNDLE_IDENTIFIER = com.arxivmonitor.app;
				PRODUCT_NAME = ArXivMonitor;
				SWIFT_EMIT_LOC_STRINGS = YES;
				SWIFT_VERSION = 5.0;
			};
			name = Debug;
		};
		AB0000040000000000000004 /* Release */ = {
			isa = XCBuildConfiguration;
			buildSettings = {
				ASSETCATALOG_COMPILER_APPICON_NAME = AppIcon;
				CODE_SIGN_ENTITLEMENTS = ArXivMonitor/ArXivMonitor.entitlements;
				CODE_SIGN_STYLE = Automatic;
				COMBINE_HIDPI_IMAGES = YES;
				CURRENT_PROJECT_VERSION = 1;
				GENERATE_INFOPLIST_FILE = NO;
				INFOPLIST_FILE = ArXivMonitor/Info.plist;
				LD_RUNPATH_SEARCH_PATHS = (
					"$(inherited)",
					"@executable_path/../Frameworks",
				);
				MARKETING_VERSION = 1.0;
				PRODUCT_BUNDLE_IDENTIFIER = com.arxivmonitor.app;
				PRODUCT_NAME = ArXivMonitor;
				SWIFT_EMIT_LOC_STRINGS = YES;
				SWIFT_VERSION = 5.0;
			};
			name = Release;
		};
		AB0000050000000000000005 /* Debug */ = {
			isa = XCBuildConfiguration;
			buildSettings = {
				BUNDLE_LOADER = "$(TEST_HOST)";
				CODE_SIGN_STYLE = Automatic;
				CURRENT_PROJECT_VERSION = 1;
				GENERATE_INFOPLIST_FILE = YES;
				MACOSX_DEPLOYMENT_TARGET = 14.0;
				MARKETING_VERSION = 1.0;
				PRODUCT_BUNDLE_IDENTIFIER = com.arxivmonitor.tests;
				PRODUCT_NAME = "$(TARGET_NAME)";
				SWIFT_EMIT_LOC_STRINGS = NO;
				SWIFT_VERSION = 5.0;
				TEST_HOST = "$(BUILT_PRODUCTS_DIR)/ArXivMonitor.app/Contents/MacOS/ArXivMonitor";
			};
			name = Debug;
		};
		AB0000060000000000000006 /* Release */ = {
			isa = XCBuildConfiguration;
			buildSettings = {
				BUNDLE_LOADER = "$(TEST_HOST)";
				CODE_SIGN_STYLE = Automatic;
				CURRENT_PROJECT_VERSION = 1;
				GENERATE_INFOPLIST_FILE = YES;
				MACOSX_DEPLOYMENT_TARGET = 14.0;
				MARKETING_VERSION = 1.0;
				PRODUCT_BUNDLE_IDENTIFIER = com.arxivmonitor.tests;
				PRODUCT_NAME = "$(TARGET_NAME)";
				SWIFT_EMIT_LOC_STRINGS = NO;
				SWIFT_VERSION = 5.0;
				TEST_HOST = "$(BUILT_PRODUCTS_DIR)/ArXivMonitor.app/Contents/MacOS/ArXivMonitor";
			};
			name = Release;
		};
		BB0000010000000000000001 /* Debug */ = {
			isa = XCBuildConfiguration;
			buildSettings = {
				CODE_SIGN_STYLE = Automatic;
				CURRENT_PROJECT_VERSION = 1;
				GENERATE_INFOPLIST_FILE = YES;
				MACOSX_DEPLOYMENT_TARGET = 14.0;
				MARKETING_VERSION = 1.0;
				PRODUCT_BUNDLE_IDENTIFIER = com.arxivmonitor.uitests;
				PRODUCT_NAME = "$(TARGET_NAME)";
				SWIFT_EMIT_LOC_STRINGS = NO;
				SWIFT_VERSION = 5.0;
				TEST_TARGET_NAME = ArXivMonitor;
			};
			name = Debug;
		};
		BB0000020000000000000002 /* Release */ = {
			isa = XCBuildConfiguration;
			buildSettings = {
				CODE_SIGN_STYLE = Automatic;
				CURRENT_PROJECT_VERSION = 1;
				GENERATE_INFOPLIST_FILE = YES;
				MACOSX_DEPLOYMENT_TARGET = 14.0;
				MARKETING_VERSION = 1.0;
				PRODUCT_BUNDLE_IDENTIFIER = com.arxivmonitor.uitests;
				PRODUCT_NAME = "$(TARGET_NAME)";
				SWIFT_EMIT_LOC_STRINGS = NO;
				SWIFT_VERSION = 5.0;
				TEST_TARGET_NAME = ArXivMonitor;
			};
			name = Release;
		};
/* End XCBuildConfiguration section */

/* Begin XCConfigurationList section */
		A80000010000000000000001 /* Build configuration list for PBXProject "ArXivMonitor" */ = {
			isa = XCConfigurationList;
			buildConfigurations = (
				AB0000010000000000000001 /* Debug */,
				AB0000020000000000000002 /* Release */,
			);
			defaultConfigurationIsVisible = 0;
			defaultConfigurationName = Release;
		};
		A80000030000000000000003 /* Build configuration list for PBXNativeTarget "ArXivMonitor" */ = {
			isa = XCConfigurationList;
			buildConfigurations = (
				AB0000030000000000000003 /* Debug */,
				AB0000040000000000000004 /* Release */,
			);
			defaultConfigurationIsVisible = 0;
			defaultConfigurationName = Release;
		};
		A80000060000000000000006 /* Build configuration list for PBXNativeTarget "ArXivMonitorTests" */ = {
			isa = XCConfigurationList;
			buildConfigurations = (
				AB0000050000000000000005 /* Debug */,
				AB0000060000000000000006 /* Release */,
			);
			defaultConfigurationIsVisible = 0;
			defaultConfigurationName = Release;
		};
		B80000010000000000000001 /* Build configuration list for PBXNativeTarget "ArXivMonitorUITests" */ = {
			isa = XCConfigurationList;
			buildConfigurations = (
				BB0000010000000000000001 /* Debug */,
				BB0000020000000000000002 /* Release */,
			);
			defaultConfigurationIsVisible = 0;
			defaultConfigurationName = Release;
		};
/* End XCConfigurationList section */

	};
	rootObject = A50000010000000000000001 /* Project object */;
}
